
Microsoft Visual Studio Solution File, Format Version 12.00
# Visual Studio 15
VisualStudioVersion = 15.0.28307.168
MinimumVisualStudioVersion = 10.0.40219.1
Project("{FAE04EC0-301F-11D3-BF4B-00C04F79EFBC}") = "XamarinClientAzureML.Android", "XamarinClientAzureML\XamarinClientAzureML.Android\XamarinClientAzureML.Android.csproj", "{18FF4AA1-0A42-4199-84C9-4924DF79718A}"
EndProject
Project("{FAE04EC0-301F-11D3-BF4B-00C04F79EFBC}") = "XamarinClientAzureML.iOS", "XamarinClientAzureML\XamarinClientAzureML.iOS\XamarinClientAzureML.iOS.csproj", "{4A0E65BC-8D47-414A-80DB-8681A5EB5E78}"
EndProject
Project("{FAE04EC0-301F-11D3-BF4B-00C04F79EFBC}") = "XamarinClientAzureML", "XamarinClientAzureML\XamarinClientAzureML\XamarinClientAzureML.csproj", "{982E0D77-72D0-44E9-90F5-728AE1614FE0}"
EndProject
Global
	GlobalSection(SolutionConfigurationPlatforms) = preSolution
		Ad-Hoc|Any CPU = Ad-Hoc|Any CPU
		Ad-Hoc|iPhone = Ad-Hoc|iPhone
		Ad-Hoc|iPhoneSimulator = Ad-Hoc|iPhoneSimulator
		AppStore|Any CPU = AppStore|Any CPU
		AppStore|iPhone = AppStore|iPhone
		AppStore|iPhoneSimulator = AppStore|iPhoneSimulator
		Debug|Any CPU = Debug|Any CPU
		Debug|iPhone = Debug|iPhone
		Debug|iPhoneSimulator = Debug|iPhoneSimulator
		Release|Any CPU = Release|Any CPU
		Release|iPhone = Release|iPhone
		Release|iPhoneSimulator = Release|iPhoneSimulator
	EndGlobalSection
	GlobalSection(ProjectConfigurationPlatforms) = postSolution
		{18FF4AA1-0A42-4199-84C9-4924DF79718A}.Ad-Hoc|Any CPU.ActiveCfg = Release|Any CPU
		{18FF4AA1-0A42-4199-84C9-4924DF79718A}.Ad-Hoc|Any CPU.Build.0 = Release|Any CPU
		{18FF4AA1-0A42-4199-84C9-4924DF79718A}.Ad-Hoc|Any CPU.Deploy.0 = Release|Any CPU
		{18FF4AA1-0A42-4199-84C9-4924DF79718A}.Ad-Hoc|iPhone.ActiveCfg = Release|Any CPU
		{18FF4AA1-0A42-4199-84C9-4924DF79718A}.Ad-Hoc|iPhone.Build.0 = Release|Any CPU
		{18FF4AA1-0A42-4199-84C9-4924DF79718A}.Ad-Hoc|iPhone.Deploy.0 = Release|Any CPU
		{18FF4AA1-0A42-4199-84C9-4924DF79718A}.Ad-Hoc|iPhoneSimulator.ActiveCfg = Release|Any CPU
		{18FF4AA1-0A42-4199-84C9-4924DF79718A}.Ad-Hoc|iPhoneSimulator.Build.0 = Release|Any CPU
		{18FF4AA1-0A42-4199-84C9-4924DF79718A}.Ad-Hoc|iPhoneSimulator.Deploy.0 = Release|Any CPU
		{18FF4AA1-0A42-4199-84C9-4924DF79718A}.AppStore|Any CPU.ActiveCfg = Release|Any CPU
		{18FF4AA1-0A42-4199-84C9-4924DF79718A}.AppStore|Any CPU.Build.0 = Release|Any CPU
		{18FF4AA1-0A42-4199-84C9-4924DF79718A}.AppStore|Any CPU.Deploy.0 = Release|Any CPU
		{18FF4AA1-0A42-4199-84C9-4924DF79718A}.AppStore|iPhone.ActiveCfg = Release|Any CPU
		{18FF4AA1-0A42-4199-84C9-4924DF79718A}.AppStore|iPhone.Build.0 = Release|Any CPU
		{18FF4AA1-0A42-4199-84C9-4924DF79718A}.AppStore|iPhone.Deploy.0 = Release|Any CPU
		{18FF4AA1-0A42-4199-84C9-4924DF79718A}.AppStore|iPhoneSimulator.ActiveCfg = Release|Any CPU
		{18FF4AA1-0A42-4199-84C9-4924DF79718A}.AppStore|iPhoneSimulator.Build.0 = Release|Any CPU
		{18FF4AA1-0A42-4199-84C9-4924DF79718A}.AppStore|iPhoneSimulator.Deploy.0 = Release|Any CPU
		{18FF4AA1-0A42-4199-84C9-4924DF79718A}.Debug|Any CPU.ActiveCfg = Debug|Any CPU
		{18FF4AA1-0A42-4199-84C9-4924DF79718A}.Debug|Any CPU.Build.0 = Debug|Any CPU
		{18FF4AA1-0A42-4199-84C9-4924DF79718A}.Debug|Any CPU.Deploy.0 = Debug|Any CPU
		{18FF4AA1-0A42-4199-84C9-4924DF79718A}.Debug|iPhone.ActiveCfg = Debug|Any CPU
		{18FF4AA1-0A42-4199-84C9-4924DF79718A}.Debug|iPhone.Build.0 = Debug|Any CPU
		{18FF4AA1-0A42-4199-84C9-4924DF79718A}.Debug|iPhone.Deploy.0 = Debug|Any CPU
		{18FF4AA1-0A42-4199-84C9-4924DF79718A}.Debug|iPhoneSimulator.ActiveCfg = Debug|Any CPU
		{18FF4AA1-0A42-4199-84C9-4924DF79718A}.Debug|iPhoneSimulator.Build.0 = Debug|Any CPU
		{18FF4AA1-0A42-4199-84C9-4924DF79718A}.Debug|iPhoneSimulator.Deploy.0 = Debug|Any CPU
		{18FF4AA1-0A42-4199-84C9-4924DF79718A}.Release|Any CPU.ActiveCfg = Release|Any CPU
		{18FF4AA1-0A42-4199-84C9-4924DF79718A}.Release|Any CPU.Build.0 = Release|Any CPU
		{18FF4AA1-0A42-4199-84C9-4924DF79718A}.Release|Any CPU.Deploy.0 = Release|Any CPU
		{18FF4AA1-0A42-4199-84C9-4924DF79718A}.Release|iPhone.ActiveCfg = Release|Any CPU
		{18FF4AA1-0A42-4199-84C9-4924DF79718A}.Release|iPhone.Build.0 = Release|Any CPU
		{18FF4AA1-0A42-4199-84C9-4924DF79718A}.Release|iPhone.Deploy.0 = Release|Any CPU
		{18FF4AA1-0A42-4199-84C9-4924DF79718A}.Release|iPhoneSimulator.ActiveCfg = Release|Any CPU
		{18FF4AA1-0A42-4199-84C9-4924DF79718A}.Release|iPhoneSimulator.Build.0 = Release|Any CPU
		{18FF4AA1-0A42-4199-84C9-4924DF79718A}.Release|iPhoneSimulator.Deploy.0 = Release|Any CPU
		{4A0E65BC-8D47-414A-80DB-8681A5EB5E78}.Ad-Hoc|Any CPU.ActiveCfg = Ad-Hoc|iPhone
		{4A0E65BC-8D47-414A-80DB-8681A5EB5E78}.Ad-Hoc|Any CPU.Build.0 = Ad-Hoc|iPhone
		{4A0E65BC-8D47-414A-80DB-8681A5EB5E78}.Ad-Hoc|Any CPU.Deploy.0 = Ad-Hoc|iPhone
		{4A0E65BC-8D47-414A-80DB-8681A5EB5E78}.Ad-Hoc|iPhone.ActiveCfg = Ad-Hoc|iPhone
		{4A0E65BC-8D47-414A-80DB-8681A5EB5E78}.Ad-Hoc|iPhone.Build.0 = Ad-Hoc|iPhone
		{4A0E65BC-8D47-414A-80DB-8681A5EB5E78}.Ad-Hoc|iPhone.Deploy.0 = Ad-Hoc|iPhone
		{4A0E65BC-8D47-414A-80DB-8681A5EB5E78}.Ad-Hoc|iPhoneSimulator.ActiveCfg = Ad-Hoc|iPhoneSimulator
		{4A0E65BC-8D47-414A-80DB-8681A5EB5E78}.Ad-Hoc|iPhoneSimulator.Build.0 = Ad-Hoc|iPhoneSimulator
		{4A0E65BC-8D47-414A-80DB-8681A5EB5E78}.Ad-Hoc|iPhoneSimulator.Deploy.0 = Ad-Hoc|iPhoneSimulator
		{4A0E65BC-8D47-414A-80DB-8681A5EB5E78}.AppStore|Any CPU.ActiveCfg = AppStore|iPhone
		{4A0E65BC-8D47-414A-80DB-8681A5EB5E78}.AppStore|Any CPU.Build.0 = AppStore|iPhone
		{4A0E65BC-8D47-414A-80DB-8681A5EB5E78}.AppStore|Any CPU.Deploy.0 = AppStore|iPhone
		{4A0E65BC-8D47-414A-80DB-8681A5EB5E78}.AppStore|iPhone.ActiveCfg = AppStore|iPhone
		{4A0E65BC-8D47-414A-80DB-8681A5EB5E78}.AppStore|iPhone.Build.0 = AppStore|iPhone
		{4A0E65BC-8D47-414A-80DB-8681A5EB5E78}.AppStore|iPhone.Deploy.0 = AppStore|iPhone
		{4A0E65BC-8D47-414A-80DB-8681A5EB5E78}.AppStore|iPhoneSimulator.ActiveCfg = AppStore|iPhoneSimulator
		{4A0E65BC-8D47-414A-80DB-8681A5EB5E78}.AppStore|iPhoneSimulator.Build.0 = AppStore|iPhoneSimulator
		{4A0E65BC-8D47-414A-80DB-8681A5EB5E78}.AppStore|iPhoneSimulator.Deploy.0 = AppStore|iPhoneSimulator
		{4A0E65BC-8D47-414A-80DB-8681A5EB5E78}.Debug|Any CPU.ActiveCfg = Debug|iPhoneSimulator
		{4A0E65BC-8D47-414A-80DB-8681A5EB5E78}.Debug|Any CPU.Build.0 = Debug|iPhoneSimulator
		{4A0E65BC-8D47-414A-80DB-8681A5EB5E78}.Debug|Any CPU.Deploy.0 = Debug|iPhoneSimulator
		{4A0E65BC-8D47-414A-80DB-8681A5EB5E78}.Debug|iPhone.ActiveCfg = Debug|iPhone
		{4A0E65BC-8D47-414A-80DB-8681A5EB5E78}.Debug|iPhone.Build.0 = Debug|iPhone
		{4A0E65BC-8D47-414A-80DB-8681A5EB5E78}.Debug|iPhone.Deploy.0 = Debug|iPhone
		{4A0E65BC-8D47-414A-80DB-8681A5EB5E78}.Debug|iPhoneSimulator.ActiveCfg = Debug|iPhoneSimulator
		{4A0E65BC-8D47-414A-80DB-8681A5EB5E78}.Debug|iPhoneSimulator.Build.0 = Debug|iPhoneSimulator
		{4A0E65BC-8D47-414A-80DB-8681A5EB5E78}.Debug|iPhoneSimulator.Deploy.0 = Debug|iPhoneSimulator
		{4A0E65BC-8D47-414A-80DB-8681A5EB5E78}.Release|Any CPU.ActiveCfg = Release|iPhone
		{4A0E65BC-8D47-414A-80DB-8681A5EB5E78}.Release|Any CPU.Build.0 = Release|iPhone
		{4A0E65BC-8D47-414A-80DB-8681A5EB5E78}.Release|Any CPU.Deploy.0 = Release|iPhone
		{4A0E65BC-8D47-414A-80DB-8681A5EB5E78}.Release|iPhone.ActiveCfg = Release|iPhone
		{4A0E65BC-8D47-414A-80DB-8681A5EB5E78}.Release|iPhone.Build.0 = Release|iPhone
		{4A0E65BC-8D47-414A-80DB-8681A5EB5E78}.Release|iPhone.Deploy.0 = Release|iPhone
		{4A0E65BC-8D47-414A-80DB-8681A5EB5E78}.Release|iPhoneSimulator.ActiveCfg = Release|iPhoneSimulator
		{4A0E65BC-8D47-414A-80DB-8681A5EB5E78}.Release|iPhoneSimulator.Build.0 = Release|iPhoneSimulator
		{4A0E65BC-8D47-414A-80DB-8681A5EB5E78}.Release|iPhoneSimulator.Deploy.0 = Release|iPhoneSimulator
		{982E0D77-72D0-44E9-90F5-728AE1614FE0}.Ad-Hoc|Any CPU.ActiveCfg = Debug|Any CPU
		{982E0D77-72D0-44E9-90F5-728AE1614FE0}.Ad-Hoc|Any CPU.Build.0 = Debug|Any CPU
		{982E0D77-72D0-44E9-90F5-728AE1614FE0}.Ad-Hoc|Any CPU.Deploy.0 = Debug|Any CPU
		{982E0D77-72D0-44E9-90F5-728AE1614FE0}.Ad-Hoc|iPhone.ActiveCfg = Debug|Any CPU
		{982E0D77-72D0-44E9-90F5-728AE1614FE0}.Ad-Hoc|iPhone.Build.0 = Debug|Any CPU
		{982E0D77-72D0-44E9-90F5-728AE1614FE0}.Ad-Hoc|iPhone.Deploy.0 = Debug|Any CPU
		{982E0D77-72D0-44E9-90F5-728AE1614FE0}.Ad-Hoc|iPhoneSimulator.ActiveCfg = Debug|Any CPU
		{982E0D77-72D0-44E9-90F5-728AE1614FE0}.Ad-Hoc|iPhoneSimulator.Build.0 = Debug|Any CPU
		{982E0D77-72D0-44E9-90F5-728AE1614FE0}.Ad-Hoc|iPhoneSimulator.Deploy.0 = Debug|Any CPU
		{982E0D77-72D0-44E9-90F5-728AE1614FE0}.AppStore|Any CPU.ActiveCfg = Debug|Any CPU
		{982E0D77-72D0-44E9-90F5-728AE1614FE0}.AppStore|Any CPU.Build.0 = Debug|Any CPU
		{982E0D77-72D0-44E9-90F5-728AE1614FE0}.AppStore|Any CPU.Deploy.0 = Debug|Any CPU
		{982E0D77-72D0-44E9-90F5-728AE1614FE0}.AppStore|iPhone.ActiveCfg = Debug|Any CPU
		{982E0D77-72D0-44E9-90F5-728AE1614FE0}.AppStore|iPhone.Build.0 = Debug|Any CPU
		{982E0D77-72D0-44E9-90F5-728AE1614FE0}.AppStore|iPhone.Deploy.0 = Debug|Any CPU
		{982E0D77-72D0-44E9-90F5-728AE1614FE0}.AppStore|iPhoneSimulator.ActiveCfg = Debug|Any CPU
		{982E0D77-72D0-44E9-90F5-728AE1614FE0}.AppStore|iPhoneSimulator.Build.0 = Debug|Any CPU
		{982E0D77-72D0-44E9-90F5-728AE1614FE0}.AppStore|iPhoneSimulator.Deploy.0 = Debug|Any CPU
		{982E0D77-72D0-44E9-90F5-728AE1614FE0}.Debug|Any CPU.ActiveCfg = Debug|Any CPU
		{982E0D77-72D0-44E9-90F5-728AE1614FE0}.Debug|Any CPU.Build.0 = Debug|Any CPU
		{982E0D77-72D0-44E9-90F5-728AE1614FE0}.Debug|Any CPU.Deploy.0 = Debug|Any CPU
		{982E0D77-72D0-44E9-90F5-728AE1614FE0}.Debug|iPhone.ActiveCfg = Debug|Any CPU
		{982E0D77-72D0-44E9-90F5-728AE1614FE0}.Debug|iPhone.Build.0 = Debug|Any CPU
		{982E0D77-72D0-44E9-90F5-728AE1614FE0}.Debug|iPhone.Deploy.0 = Debug|Any CPU
		{982E0D77-72D0-44E9-90F5-728AE1614FE0}.Debug|iPhoneSimulator.ActiveCfg = Debug|Any CPU
		{982E0D77-72D0-44E9-90F5-728AE1614FE0}.Debug|iPhoneSimulator.Build.0 = Debug|Any CPU
		{982E0D77-72D0-44E9-90F5-728AE1614FE0}.Debug|iPhoneSimulator.Deploy.0 = Debug|Any CPU
		{982E0D77-72D0-44E9-90F5-728AE1614FE0}.Release|Any CPU.ActiveCfg = Release|Any CPU
		{982E0D77-72D0-44E9-90F5-728AE1614FE0}.Release|Any CPU.Build.0 = Release|Any CPU
		{982E0D77-72D0-44E9-90F5-728AE1614FE0}.Release|Any CPU.Deploy.0 = Release|Any CPU
		{982E0D77-72D0-44E9-90F5-728AE1614FE0}.Release|iPhone.ActiveCfg = Release|Any CPU
		{982E0D77-72D0-44E9-90F5-728AE1614FE0}.Release|iPhone.Build.0 = Release|Any CPU
		{982E0D77-72D0-44E9-90F5-728AE1614FE0}.Release|iPhone.Deploy.0 = Release|Any CPU
		{982E0D77-72D0-44E9-90F5-728AE1614FE0}.Release|iPhoneSimulator.ActiveCfg = Release|Any CPU
		{982E0D77-72D0-44E9-90F5-728AE1614FE0}.Release|iPhoneSimulator.Build.0 = Release|Any CPU
		{982E0D77-72D0-44E9-90F5-728AE1614FE0}.Release|iPhoneSimulator.Deploy.0 = Release|Any CPU
	EndGlobalSection
	GlobalSection(SolutionProperties) = preSolution
		HideSolutionNode = FALSE
	EndGlobalSection
	GlobalSection(ExtensibilityGlobals) = postSolution
		SolutionGuid = {D8E40E4E-ADAF-4099-BC47-C57EAA52F54A}
	EndGlobalSection
EndGlobal
